
Microsoft Visual Studio Solution File, Format Version 12.00
# Visual Studio Version 16
VisualStudioVersion = 16.0.30413.136
MinimumVisualStudioVersion = 10.0.40219.1
Project("{FAE04EC0-301F-11D3-BF4B-00C04F79EFBC}") = "Exercicio 31.08.2020.02", "Exercicio 31.08.2020.02\Exercicio 31.08.2020.02.csproj", "{1D836C49-CCAF-4AFA-B7F7-C54D98F41514}"
EndProject
Global
	GlobalSection(SolutionConfigurationPlatforms) = preSolution
		Debug|Any CPU = Debug|Any CPU
		Release|Any CPU = Release|Any CPU
	EndGlobalSection
	GlobalSection(ProjectConfigurationPlatforms) = postSolution
		{1D836C49-CCAF-4AFA-B7F7-C54D98F41514}.Debug|Any CPU.ActiveCfg = Debug|Any CPU
		{1D836C49-CCAF-4AFA-B7F7-C54D98F41514}.Debug|Any CPU.Build.0 = Debug|Any CPU
		{1D836C49-CCAF-4AFA-B7F7-C54D98F41514}.Release|Any CPU.ActiveCfg = Release|Any CPU
		{1D836C49-CCAF-4AFA-B7F7-C54D98F41514}.Release|Any CPU.Build.0 = Release|Any CPU
	EndGlobalSection
	GlobalSection(SolutionProperties) = preSolution
		HideSolutionNode = FALSE
	EndGlobalSection
	GlobalSection(ExtensibilityGlobals) = postSolution
		SolutionGuid = {CD618946-0652-47AD-85FB-BBFBA9CFC58C}
	EndGlobalSection
EndGlobal
