
Microsoft Visual Studio Solution File, Format Version 12.00
# Visual Studio Version 16
VisualStudioVersion = 16.0.30413.136
MinimumVisualStudioVersion = 10.0.40219.1
Project("{FAE04EC0-301F-11D3-BF4B-00C04F79EFBC}") = "19.10.2020_Array.3", "19.10.2020_Array.3\19.10.2020_Array.3.csproj", "{B98EFB1E-6F35-4E17-8041-ECBD63678D85}"
EndProject
Global
	GlobalSection(SolutionConfigurationPlatforms) = preSolution
		Debug|Any CPU = Debug|Any CPU
		Release|Any CPU = Release|Any CPU
	EndGlobalSection
	GlobalSection(ProjectConfigurationPlatforms) = postSolution
		{B98EFB1E-6F35-4E17-8041-ECBD63678D85}.Debug|Any CPU.ActiveCfg = Debug|Any CPU
		{B98EFB1E-6F35-4E17-8041-ECBD63678D85}.Debug|Any CPU.Build.0 = Debug|Any CPU
		{B98EFB1E-6F35-4E17-8041-ECBD63678D85}.Release|Any CPU.ActiveCfg = Release|Any CPU
		{B98EFB1E-6F35-4E17-8041-ECBD63678D85}.Release|Any CPU.Build.0 = Release|Any CPU
	EndGlobalSection
	GlobalSection(SolutionProperties) = preSolution
		HideSolutionNode = FALSE
	EndGlobalSection
	GlobalSection(ExtensibilityGlobals) = postSolution
		SolutionGuid = {D831A519-5D6B-425D-B841-FE2F503E0259}
	EndGlobalSection
EndGlobal
