
Microsoft Visual Studio Solution File, Format Version 12.00
# Visual Studio Version 16
VisualStudioVersion = 16.0.30413.136
MinimumVisualStudioVersion = 10.0.40219.1
Project("{FAE04EC0-301F-11D3-BF4B-00C04F79EFBC}") = "Exercicio_10.09.2020.04", "Exercicio_10.09.2020.04\Exercicio_10.09.2020.04.csproj", "{8FCA162D-6661-4053-8ED5-EBBFDA322A81}"
EndProject
Global
	GlobalSection(SolutionConfigurationPlatforms) = preSolution
		Debug|Any CPU = Debug|Any CPU
		Release|Any CPU = Release|Any CPU
	EndGlobalSection
	GlobalSection(ProjectConfigurationPlatforms) = postSolution
		{8FCA162D-6661-4053-8ED5-EBBFDA322A81}.Debug|Any CPU.ActiveCfg = Debug|Any CPU
		{8FCA162D-6661-4053-8ED5-EBBFDA322A81}.Debug|Any CPU.Build.0 = Debug|Any CPU
		{8FCA162D-6661-4053-8ED5-EBBFDA322A81}.Release|Any CPU.ActiveCfg = Release|Any CPU
		{8FCA162D-6661-4053-8ED5-EBBFDA322A81}.Release|Any CPU.Build.0 = Release|Any CPU
	EndGlobalSection
	GlobalSection(SolutionProperties) = preSolution
		HideSolutionNode = FALSE
	EndGlobalSection
	GlobalSection(ExtensibilityGlobals) = postSolution
		SolutionGuid = {880AB9A1-11BD-4BDE-AA90-1856D79826EA}
	EndGlobalSection
EndGlobal
