
Microsoft Visual Studio Solution File, Format Version 12.00
# Visual Studio Version 16
VisualStudioVersion = 16.0.30413.136
MinimumVisualStudioVersion = 10.0.40219.1
Project("{FAE04EC0-301F-11D3-BF4B-00C04F79EFBC}") = "Exercicio 31.08.2020.02", "Exercicio 31.08.2020.02\Exercicio 31.08.2020.02.csproj", "{5B79B249-C9AE-4E06-8122-2CCDBB06F871}"
EndProject
Global
	GlobalSection(SolutionConfigurationPlatforms) = preSolution
		Debug|Any CPU = Debug|Any CPU
		Release|Any CPU = Release|Any CPU
	EndGlobalSection
	GlobalSection(ProjectConfigurationPlatforms) = postSolution
		{5B79B249-C9AE-4E06-8122-2CCDBB06F871}.Debug|Any CPU.ActiveCfg = Debug|Any CPU
		{5B79B249-C9AE-4E06-8122-2CCDBB06F871}.Debug|Any CPU.Build.0 = Debug|Any CPU
		{5B79B249-C9AE-4E06-8122-2CCDBB06F871}.Release|Any CPU.ActiveCfg = Release|Any CPU
		{5B79B249-C9AE-4E06-8122-2CCDBB06F871}.Release|Any CPU.Build.0 = Release|Any CPU
	EndGlobalSection
	GlobalSection(SolutionProperties) = preSolution
		HideSolutionNode = FALSE
	EndGlobalSection
	GlobalSection(ExtensibilityGlobals) = postSolution
		SolutionGuid = {F32A8ACB-D8C1-41D3-AE91-AD8C99EEA0C2}
	EndGlobalSection
EndGlobal
