
Microsoft Visual Studio Solution File, Format Version 12.00
# Visual Studio Version 16
VisualStudioVersion = 16.0.30413.136
MinimumVisualStudioVersion = 10.0.40219.1
Project("{FAE04EC0-301F-11D3-BF4B-00C04F79EFBC}") = "Conta Bancária (Classes Abstratas)", "Conta Bancária (Classes Abstratas)\Conta Bancária (Classes Abstratas).csproj", "{76D9ED28-A3B2-4136-851C-CBC0C11359DC}"
EndProject
Global
	GlobalSection(SolutionConfigurationPlatforms) = preSolution
		Debug|Any CPU = Debug|Any CPU
		Release|Any CPU = Release|Any CPU
	EndGlobalSection
	GlobalSection(ProjectConfigurationPlatforms) = postSolution
		{76D9ED28-A3B2-4136-851C-CBC0C11359DC}.Debug|Any CPU.ActiveCfg = Debug|Any CPU
		{76D9ED28-A3B2-4136-851C-CBC0C11359DC}.Debug|Any CPU.Build.0 = Debug|Any CPU
		{76D9ED28-A3B2-4136-851C-CBC0C11359DC}.Release|Any CPU.ActiveCfg = Release|Any CPU
		{76D9ED28-A3B2-4136-851C-CBC0C11359DC}.Release|Any CPU.Build.0 = Release|Any CPU
	EndGlobalSection
	GlobalSection(SolutionProperties) = preSolution
		HideSolutionNode = FALSE
	EndGlobalSection
	GlobalSection(ExtensibilityGlobals) = postSolution
		SolutionGuid = {A7A65B08-0A25-491B-B564-9D9977A84317}
	EndGlobalSection
EndGlobal
