
Microsoft Visual Studio Solution File, Format Version 12.00
# Visual Studio Version 16
VisualStudioVersion = 16.0.30413.136
MinimumVisualStudioVersion = 10.0.40219.1
Project("{FAE04EC0-301F-11D3-BF4B-00C04F79EFBC}") = "Formas Geométricas", "Formas Geométricas\Formas Geométricas.csproj", "{99C55A1F-9A85-4653-8333-66E10AF5E6AF}"
EndProject
Global
	GlobalSection(SolutionConfigurationPlatforms) = preSolution
		Debug|Any CPU = Debug|Any CPU
		Release|Any CPU = Release|Any CPU
	EndGlobalSection
	GlobalSection(ProjectConfigurationPlatforms) = postSolution
		{99C55A1F-9A85-4653-8333-66E10AF5E6AF}.Debug|Any CPU.ActiveCfg = Debug|Any CPU
		{99C55A1F-9A85-4653-8333-66E10AF5E6AF}.Debug|Any CPU.Build.0 = Debug|Any CPU
		{99C55A1F-9A85-4653-8333-66E10AF5E6AF}.Release|Any CPU.ActiveCfg = Release|Any CPU
		{99C55A1F-9A85-4653-8333-66E10AF5E6AF}.Release|Any CPU.Build.0 = Release|Any CPU
	EndGlobalSection
	GlobalSection(SolutionProperties) = preSolution
		HideSolutionNode = FALSE
	EndGlobalSection
	GlobalSection(ExtensibilityGlobals) = postSolution
		SolutionGuid = {B01C8A87-5601-4ED4-BF39-89E9BA12BA46}
	EndGlobalSection
EndGlobal
