
Microsoft Visual Studio Solution File, Format Version 12.00
# Visual Studio Version 16
VisualStudioVersion = 16.0.30413.136
MinimumVisualStudioVersion = 10.0.40219.1
Project("{FAE04EC0-301F-11D3-BF4B-00C04F79EFBC}") = "19.10.2020_Array", "19.10.2020_Array\19.10.2020_Array.csproj", "{04E54D52-BA33-475E-B39C-4704304562AE}"
EndProject
Global
	GlobalSection(SolutionConfigurationPlatforms) = preSolution
		Debug|Any CPU = Debug|Any CPU
		Release|Any CPU = Release|Any CPU
	EndGlobalSection
	GlobalSection(ProjectConfigurationPlatforms) = postSolution
		{04E54D52-BA33-475E-B39C-4704304562AE}.Debug|Any CPU.ActiveCfg = Debug|Any CPU
		{04E54D52-BA33-475E-B39C-4704304562AE}.Debug|Any CPU.Build.0 = Debug|Any CPU
		{04E54D52-BA33-475E-B39C-4704304562AE}.Release|Any CPU.ActiveCfg = Release|Any CPU
		{04E54D52-BA33-475E-B39C-4704304562AE}.Release|Any CPU.Build.0 = Release|Any CPU
	EndGlobalSection
	GlobalSection(SolutionProperties) = preSolution
		HideSolutionNode = FALSE
	EndGlobalSection
	GlobalSection(ExtensibilityGlobals) = postSolution
		SolutionGuid = {40A6C446-0589-4CF9-B785-EDC3A4C4D3A6}
	EndGlobalSection
EndGlobal
